
Microsoft Visual Studio Solution File, Format Version 12.00
# Visual Studio Version 16
VisualStudioVersion = 16.0.808.4
MinimumVisualStudioVersion = 10.0.40219.1
Project("{FAE04EC0-301F-11D3-BF4B-00C04F79EFBC}") = "JumgaAPI", "JumgaAPI.csproj", "{2F675D63-336F-4988-B25C-F89DDFF877D1}"
EndProject
Project("{E53339B2-1760-4266-BCC7-CA923CBCF16C}") = "docker-compose", "docker-compose.dcproj", "{CF7BF12B-48A0-4EC6-907C-29FCA49CCCD7}"
EndProject
Global
	GlobalSection(SolutionConfigurationPlatforms) = preSolution
		Debug|Any CPU = Debug|Any CPU
		Release|Any CPU = Release|Any CPU
	EndGlobalSection
	GlobalSection(ProjectConfigurationPlatforms) = postSolution
		{2F675D63-336F-4988-B25C-F89DDFF877D1}.Debug|Any CPU.ActiveCfg = Debug|Any CPU
		{2F675D63-336F-4988-B25C-F89DDFF877D1}.Debug|Any CPU.Build.0 = Debug|Any CPU
		{2F675D63-336F-4988-B25C-F89DDFF877D1}.Release|Any CPU.ActiveCfg = Release|Any CPU
		{2F675D63-336F-4988-B25C-F89DDFF877D1}.Release|Any CPU.Build.0 = Release|Any CPU
		{CF7BF12B-48A0-4EC6-907C-29FCA49CCCD7}.Debug|Any CPU.ActiveCfg = Debug|Any CPU
		{CF7BF12B-48A0-4EC6-907C-29FCA49CCCD7}.Debug|Any CPU.Build.0 = Debug|Any CPU
		{CF7BF12B-48A0-4EC6-907C-29FCA49CCCD7}.Release|Any CPU.ActiveCfg = Release|Any CPU
		{CF7BF12B-48A0-4EC6-907C-29FCA49CCCD7}.Release|Any CPU.Build.0 = Release|Any CPU
	EndGlobalSection
	GlobalSection(SolutionProperties) = preSolution
		HideSolutionNode = FALSE
	EndGlobalSection
	GlobalSection(ExtensibilityGlobals) = postSolution
		SolutionGuid = {FEDDB33E-5493-47FD-A981-8D2721681607}
	EndGlobalSection
EndGlobal
